
Microsoft Visual Studio Solution File, Format Version 12.00
# Visual Studio Version 16
VisualStudioVersion = 16.0.29503.13
MinimumVisualStudioVersion = 10.0.40219.1
Project("{FAE04EC0-301F-11D3-BF4B-00C04F79EFBC}") = "AspNetCore.Api", "AspNetCore.Api\AspNetCore.Api.csproj", "{07F62E67-3B74-4C05-AE00-BD2CB2847693}"
EndProject
Project("{FAE04EC0-301F-11D3-BF4B-00C04F79EFBC}") = "AspNetCore.Web", "AspNetCore.Web\AspNetCore.Web.csproj", "{B3F03E72-06DC-4810-BE95-68D331F9E6CA}"
EndProject
Global
	GlobalSection(SolutionConfigurationPlatforms) = preSolution
		Debug|Any CPU = Debug|Any CPU
		Release|Any CPU = Release|Any CPU
	EndGlobalSection
	GlobalSection(ProjectConfigurationPlatforms) = postSolution
		{07F62E67-3B74-4C05-AE00-BD2CB2847693}.Debug|Any CPU.ActiveCfg = Debug|Any CPU
		{07F62E67-3B74-4C05-AE00-BD2CB2847693}.Debug|Any CPU.Build.0 = Debug|Any CPU
		{07F62E67-3B74-4C05-AE00-BD2CB2847693}.Release|Any CPU.ActiveCfg = Release|Any CPU
		{07F62E67-3B74-4C05-AE00-BD2CB2847693}.Release|Any CPU.Build.0 = Release|Any CPU
		{B3F03E72-06DC-4810-BE95-68D331F9E6CA}.Debug|Any CPU.ActiveCfg = Debug|Any CPU
		{B3F03E72-06DC-4810-BE95-68D331F9E6CA}.Debug|Any CPU.Build.0 = Debug|Any CPU
		{B3F03E72-06DC-4810-BE95-68D331F9E6CA}.Release|Any CPU.ActiveCfg = Release|Any CPU
		{B3F03E72-06DC-4810-BE95-68D331F9E6CA}.Release|Any CPU.Build.0 = Release|Any CPU
	EndGlobalSection
	GlobalSection(SolutionProperties) = preSolution
		HideSolutionNode = FALSE
	EndGlobalSection
	GlobalSection(ExtensibilityGlobals) = postSolution
		SolutionGuid = {643F89C6-FDFA-477C-95BB-0EFEC990988F}
	EndGlobalSection
EndGlobal
